
Microsoft Visual Studio Solution File, Format Version 12.00
# Visual Studio Version 17
VisualStudioVersion = 17.4.33213.308
MinimumVisualStudioVersion = 10.0.40219.1
Project("{FAE04EC0-301F-11D3-BF4B-00C04F79EFBC}") = "Entities", "Entities\Entities.csproj", "{09F48C6A-AA99-422B-BE9F-63594FF2B0AF}"
EndProject
Project("{FAE04EC0-301F-11D3-BF4B-00C04F79EFBC}") = "DAL", "DAL\DAL.csproj", "{3845169B-8DBF-4B2D-BB66-C9B3D53CA94A}"
EndProject
Project("{FAE04EC0-301F-11D3-BF4B-00C04F79EFBC}") = "BackEnd", "BackEnd\BackEnd.csproj", "{6D168A59-D460-41B9-9C6F-863F6004DD4F}"
EndProject
Global
	GlobalSection(SolutionConfigurationPlatforms) = preSolution
		Debug|Any CPU = Debug|Any CPU
		Release|Any CPU = Release|Any CPU
	EndGlobalSection
	GlobalSection(ProjectConfigurationPlatforms) = postSolution
		{09F48C6A-AA99-422B-BE9F-63594FF2B0AF}.Debug|Any CPU.ActiveCfg = Debug|Any CPU
		{09F48C6A-AA99-422B-BE9F-63594FF2B0AF}.Debug|Any CPU.Build.0 = Debug|Any CPU
		{09F48C6A-AA99-422B-BE9F-63594FF2B0AF}.Release|Any CPU.ActiveCfg = Release|Any CPU
		{09F48C6A-AA99-422B-BE9F-63594FF2B0AF}.Release|Any CPU.Build.0 = Release|Any CPU
		{3845169B-8DBF-4B2D-BB66-C9B3D53CA94A}.Debug|Any CPU.ActiveCfg = Debug|Any CPU
		{3845169B-8DBF-4B2D-BB66-C9B3D53CA94A}.Debug|Any CPU.Build.0 = Debug|Any CPU
		{3845169B-8DBF-4B2D-BB66-C9B3D53CA94A}.Release|Any CPU.ActiveCfg = Release|Any CPU
		{3845169B-8DBF-4B2D-BB66-C9B3D53CA94A}.Release|Any CPU.Build.0 = Release|Any CPU
		{6D168A59-D460-41B9-9C6F-863F6004DD4F}.Debug|Any CPU.ActiveCfg = Debug|Any CPU
		{6D168A59-D460-41B9-9C6F-863F6004DD4F}.Debug|Any CPU.Build.0 = Debug|Any CPU
		{6D168A59-D460-41B9-9C6F-863F6004DD4F}.Release|Any CPU.ActiveCfg = Release|Any CPU
		{6D168A59-D460-41B9-9C6F-863F6004DD4F}.Release|Any CPU.Build.0 = Release|Any CPU
	EndGlobalSection
	GlobalSection(SolutionProperties) = preSolution
		HideSolutionNode = FALSE
	EndGlobalSection
	GlobalSection(ExtensibilityGlobals) = postSolution
		SolutionGuid = {35EF4CB1-51FB-4558-ADFA-307C37382F6A}
	EndGlobalSection
EndGlobal
